
Microsoft Visual Studio Solution File, Format Version 12.00
# Visual Studio 15
VisualStudioVersion = 15.0.26730.12
MinimumVisualStudioVersion = 10.0.40219.1
Project("{FAE04EC0-301F-11D3-BF4B-00C04F79EFBC}") = "TeamPowered", "TeamPowered\TeamPowered.csproj", "{E3ECF77C-7310-410A-A44F-AEBAC9C1AC71}"
EndProject
Global
	GlobalSection(SolutionConfigurationPlatforms) = preSolution
		Debug|Any CPU = Debug|Any CPU
		Release|Any CPU = Release|Any CPU
	EndGlobalSection
	GlobalSection(ProjectConfigurationPlatforms) = postSolution
		{E3ECF77C-7310-410A-A44F-AEBAC9C1AC71}.Debug|Any CPU.ActiveCfg = Debug|Any CPU
		{E3ECF77C-7310-410A-A44F-AEBAC9C1AC71}.Debug|Any CPU.Build.0 = Debug|Any CPU
		{E3ECF77C-7310-410A-A44F-AEBAC9C1AC71}.Release|Any CPU.ActiveCfg = Release|Any CPU
		{E3ECF77C-7310-410A-A44F-AEBAC9C1AC71}.Release|Any CPU.Build.0 = Release|Any CPU
	EndGlobalSection
	GlobalSection(SolutionProperties) = preSolution
		HideSolutionNode = FALSE
	EndGlobalSection
	GlobalSection(ExtensibilityGlobals) = postSolution
		SolutionGuid = {3FE5405B-2203-4D63-99B4-88CAFAB64638}
	EndGlobalSection
EndGlobal
